
Microsoft Visual Studio Solution File, Format Version 12.00
# Visual Studio Version 17
VisualStudioVersion = 17.0.32112.339
MinimumVisualStudioVersion = 10.0.40219.1
Project("{9A19103F-16F7-4668-BE54-9A1E7A4F7556}") = "Api", "src\Api\Api.csproj", "{292C0230-B2F9-4688-A139-2FB80B59A773}"
EndProject
Project("{9A19103F-16F7-4668-BE54-9A1E7A4F7556}") = "Api.Test", "src\Api.Test\Api.Test.csproj", "{B68C05CA-4425-4A4E-B77D-ABF186C280FA}"
EndProject
Project("{FAE04EC0-301F-11D3-BF4B-00C04F79EFBC}") = "ElasticSearchIndexer", "src\ElasticSearchIndexer\ElasticSearchIndexer.csproj", "{AA119832-3664-4B90-9996-05C8B0C8614D}"
EndProject
Global
	GlobalSection(SolutionConfigurationPlatforms) = preSolution
		Debug|Any CPU = Debug|Any CPU
		Release|Any CPU = Release|Any CPU
	EndGlobalSection
	GlobalSection(ProjectConfigurationPlatforms) = postSolution
		{292C0230-B2F9-4688-A139-2FB80B59A773}.Debug|Any CPU.ActiveCfg = Debug|Any CPU
		{292C0230-B2F9-4688-A139-2FB80B59A773}.Debug|Any CPU.Build.0 = Debug|Any CPU
		{292C0230-B2F9-4688-A139-2FB80B59A773}.Release|Any CPU.ActiveCfg = Release|Any CPU
		{292C0230-B2F9-4688-A139-2FB80B59A773}.Release|Any CPU.Build.0 = Release|Any CPU
		{B68C05CA-4425-4A4E-B77D-ABF186C280FA}.Debug|Any CPU.ActiveCfg = Debug|Any CPU
		{B68C05CA-4425-4A4E-B77D-ABF186C280FA}.Debug|Any CPU.Build.0 = Debug|Any CPU
		{B68C05CA-4425-4A4E-B77D-ABF186C280FA}.Release|Any CPU.ActiveCfg = Release|Any CPU
		{B68C05CA-4425-4A4E-B77D-ABF186C280FA}.Release|Any CPU.Build.0 = Release|Any CPU
		{AA119832-3664-4B90-9996-05C8B0C8614D}.Debug|Any CPU.ActiveCfg = Debug|Any CPU
		{AA119832-3664-4B90-9996-05C8B0C8614D}.Debug|Any CPU.Build.0 = Debug|Any CPU
		{AA119832-3664-4B90-9996-05C8B0C8614D}.Release|Any CPU.ActiveCfg = Release|Any CPU
		{AA119832-3664-4B90-9996-05C8B0C8614D}.Release|Any CPU.Build.0 = Release|Any CPU
	EndGlobalSection
	GlobalSection(SolutionProperties) = preSolution
		HideSolutionNode = FALSE
	EndGlobalSection
	GlobalSection(ExtensibilityGlobals) = postSolution
		SolutionGuid = {7FD24884-1B60-47DA-9633-6CA7CFC6FAC1}
	EndGlobalSection
EndGlobal
