
Microsoft Visual Studio Solution File, Format Version 12.00
# Visual Studio Version 17
VisualStudioVersion = 17.0.32112.339
MinimumVisualStudioVersion = 10.0.40219.1
Project("{2150E333-8FDC-42A3-9474-1A3956D46DE8}") = "openshift", "openshift", "{938F9047-A17A-4D91-95DE-DF09E7349593}"
EndProject
Project("{2150E333-8FDC-42A3-9474-1A3956D46DE8}") = "api", "api", "{CCDDA0B3-DAA4-4143-81B2-50DAA10A77E5}"
	ProjectSection(SolutionItems) = preProject
		openshift\api\Dockerfile = openshift\api\Dockerfile
		openshift\api\template-api-devel.yml = openshift\api\template-api-devel.yml
		openshift\api\template-api-pilot.yml = openshift\api\template-api-pilot.yml
	EndProjectSection
EndProject
Project("{2150E333-8FDC-42A3-9474-1A3956D46DE8}") = "indexer", "indexer", "{1528738C-FE3C-4BF1-A1E3-F94B387A7ADF}"
	ProjectSection(SolutionItems) = preProject
		openshift\indexer\Dockerfile = openshift\indexer\Dockerfile
		openshift\indexer\template-indexer-devel.yml = openshift\indexer\template-indexer-devel.yml
		openshift\indexer\template-indexer-manualjob-devel.yml = openshift\indexer\template-indexer-manualjob-devel.yml
		openshift\indexer\template-indexer-pilot.yml = openshift\indexer\template-indexer-pilot.yml
	EndProjectSection
EndProject
Project("{2150E333-8FDC-42A3-9474-1A3956D46DE8}") = "Tests", "Tests", "{8FE4A34D-734E-483C-93DC-B26C22102117}"
EndProject
Project("{9A19103F-16F7-4668-BE54-9A1E7A4F7556}") = "Interface", "src\Interface\Interface.csproj", "{F6687DD7-61F6-4FFE-8DD8-A0473D18E684}"
EndProject
Project("{9A19103F-16F7-4668-BE54-9A1E7A4F7556}") = "DataAccess", "src\DataAccess\DataAccess.csproj", "{7D65997D-BB95-4129-B534-8C7BBA7AFEE2}"
EndProject
Project("{9A19103F-16F7-4668-BE54-9A1E7A4F7556}") = "ElasticService", "src\ElasticService\ElasticService.csproj", "{0DD50094-C7EA-4926-8B2E-E8A7D08BB815}"
EndProject
Project("{9A19103F-16F7-4668-BE54-9A1E7A4F7556}") = "Indexer", "src\Indexer\Indexer.csproj", "{4230DC11-085E-4324-9825-BE06933A2351}"
EndProject
Project("{9A19103F-16F7-4668-BE54-9A1E7A4F7556}") = "Service.Models", "src\Service.Models\Service.Models.csproj", "{7627162B-B311-4768-9310-9C63CE9737C5}"
EndProject
Project("{9A19103F-16F7-4668-BE54-9A1E7A4F7556}") = "Interface.Tests", "test\Interface.Tests\Interface.Tests.csproj", "{AAB7423E-7C73-4B91-8936-A8FE618758D4}"
EndProject
Global
	GlobalSection(SolutionConfigurationPlatforms) = preSolution
		Debug|Any CPU = Debug|Any CPU
		Release|Any CPU = Release|Any CPU
	EndGlobalSection
	GlobalSection(ProjectConfigurationPlatforms) = postSolution
		{F6687DD7-61F6-4FFE-8DD8-A0473D18E684}.Debug|Any CPU.ActiveCfg = Debug|Any CPU
		{F6687DD7-61F6-4FFE-8DD8-A0473D18E684}.Debug|Any CPU.Build.0 = Debug|Any CPU
		{F6687DD7-61F6-4FFE-8DD8-A0473D18E684}.Release|Any CPU.ActiveCfg = Release|Any CPU
		{F6687DD7-61F6-4FFE-8DD8-A0473D18E684}.Release|Any CPU.Build.0 = Release|Any CPU
		{7D65997D-BB95-4129-B534-8C7BBA7AFEE2}.Debug|Any CPU.ActiveCfg = Debug|Any CPU
		{7D65997D-BB95-4129-B534-8C7BBA7AFEE2}.Debug|Any CPU.Build.0 = Debug|Any CPU
		{7D65997D-BB95-4129-B534-8C7BBA7AFEE2}.Release|Any CPU.ActiveCfg = Release|Any CPU
		{7D65997D-BB95-4129-B534-8C7BBA7AFEE2}.Release|Any CPU.Build.0 = Release|Any CPU
		{0DD50094-C7EA-4926-8B2E-E8A7D08BB815}.Debug|Any CPU.ActiveCfg = Debug|Any CPU
		{0DD50094-C7EA-4926-8B2E-E8A7D08BB815}.Debug|Any CPU.Build.0 = Debug|Any CPU
		{0DD50094-C7EA-4926-8B2E-E8A7D08BB815}.Release|Any CPU.ActiveCfg = Release|Any CPU
		{0DD50094-C7EA-4926-8B2E-E8A7D08BB815}.Release|Any CPU.Build.0 = Release|Any CPU
		{4230DC11-085E-4324-9825-BE06933A2351}.Debug|Any CPU.ActiveCfg = Debug|Any CPU
		{4230DC11-085E-4324-9825-BE06933A2351}.Debug|Any CPU.Build.0 = Debug|Any CPU
		{4230DC11-085E-4324-9825-BE06933A2351}.Release|Any CPU.ActiveCfg = Release|Any CPU
		{4230DC11-085E-4324-9825-BE06933A2351}.Release|Any CPU.Build.0 = Release|Any CPU
		{7627162B-B311-4768-9310-9C63CE9737C5}.Debug|Any CPU.ActiveCfg = Debug|Any CPU
		{7627162B-B311-4768-9310-9C63CE9737C5}.Debug|Any CPU.Build.0 = Debug|Any CPU
		{7627162B-B311-4768-9310-9C63CE9737C5}.Release|Any CPU.ActiveCfg = Release|Any CPU
		{7627162B-B311-4768-9310-9C63CE9737C5}.Release|Any CPU.Build.0 = Release|Any CPU
		{AAB7423E-7C73-4B91-8936-A8FE618758D4}.Debug|Any CPU.ActiveCfg = Debug|Any CPU
		{AAB7423E-7C73-4B91-8936-A8FE618758D4}.Debug|Any CPU.Build.0 = Debug|Any CPU
		{AAB7423E-7C73-4B91-8936-A8FE618758D4}.Release|Any CPU.ActiveCfg = Release|Any CPU
		{AAB7423E-7C73-4B91-8936-A8FE618758D4}.Release|Any CPU.Build.0 = Release|Any CPU
	EndGlobalSection
	GlobalSection(SolutionProperties) = preSolution
		HideSolutionNode = FALSE
	EndGlobalSection
	GlobalSection(NestedProjects) = preSolution
		{CCDDA0B3-DAA4-4143-81B2-50DAA10A77E5} = {938F9047-A17A-4D91-95DE-DF09E7349593}
		{1528738C-FE3C-4BF1-A1E3-F94B387A7ADF} = {938F9047-A17A-4D91-95DE-DF09E7349593}
		{AAB7423E-7C73-4B91-8936-A8FE618758D4} = {8FE4A34D-734E-483C-93DC-B26C22102117}
	EndGlobalSection
	GlobalSection(ExtensibilityGlobals) = postSolution
		SolutionGuid = {7FD24884-1B60-47DA-9633-6CA7CFC6FAC1}
	EndGlobalSection
EndGlobal
